// !$*UTF8*$!
{
	archiveVersion = 1;
	classes = {
	};
	objectVersion = 50;
	objects = {

/* Begin PBXBuildFile section */
		7D44804321533F1200A030F5 /* AppDelegate.swift in Sources */ = {isa = PBXBuildFile; fileRef = 7D44804221533F1200A030F5 /* AppDelegate.swift */; };
		7D44804521533F1200A030F5 /* ViewController.swift in Sources */ = {isa = PBXBuildFile; fileRef = 7D44804421533F1200A030F5 /* ViewController.swift */; };
		7D44804821533F1200A030F5 /* Main.storyboard in Resources */ = {isa = PBXBuildFile; fileRef = 7D44804621533F1200A030F5 /* Main.storyboard */; };
		7D44804A21533F1300A030F5 /* Assets.xcassets in Resources */ = {isa = PBXBuildFile; fileRef = 7D44804921533F1300A030F5 /* Assets.xcassets */; };
		7D44804D21533F1300A030F5 /* LaunchScreen.storyboard in Resources */ = {isa = PBXBuildFile; fileRef = 7D44804B21533F1300A030F5 /* LaunchScreen.storyboard */; };
		7D448062215340EE00A030F5 /* licode.framework in Frameworks */ = {isa = PBXBuildFile; fileRef = 7D448061215340EE00A030F5 /* licode.framework */; };
		7D448063215340EE00A030F5 /* licode.framework in Embed Frameworks */ = {isa = PBXBuildFile; fileRef = 7D448061215340EE00A030F5 /* licode.framework */; settings = {ATTRIBUTES = (CodeSignOnCopy, RemoveHeadersOnCopy, ); }; };
		7D44806E215342C100A030F5 /* SocketIO.framework in Embed Frameworks */ = {isa = PBXBuildFile; fileRef = 7D4480672153429F00A030F5 /* SocketIO.framework */; settings = {ATTRIBUTES = (CodeSignOnCopy, RemoveHeadersOnCopy, ); }; };
		7D448070215342C100A030F5 /* Starscream.framework in Embed Frameworks */ = {isa = PBXBuildFile; fileRef = 7D4480682153429F00A030F5 /* Starscream.framework */; settings = {ATTRIBUTES = (CodeSignOnCopy, RemoveHeadersOnCopy, ); }; };
		7D448072215342C100A030F5 /* WebRTC.framework in Embed Frameworks */ = {isa = PBXBuildFile; fileRef = 7D4480692153429F00A030F5 /* WebRTC.framework */; settings = {ATTRIBUTES = (CodeSignOnCopy, RemoveHeadersOnCopy, ); }; };
		7D44808A2153A38F00A030F5 /* LicodeExampleTests.swift in Sources */ = {isa = PBXBuildFile; fileRef = 7D4480892153A38F00A030F5 /* LicodeExampleTests.swift */; };
/* End PBXBuildFile section */

/* Begin PBXContainerItemProxy section */
		7D44808C2153A38F00A030F5 /* PBXContainerItemProxy */ = {
			isa = PBXContainerItemProxy;
			containerPortal = 7D44803721533F1100A030F5 /* Project object */;
			proxyType = 1;
			remoteGlobalIDString = 7D44803E21533F1200A030F5;
			remoteInfo = LicodeExample;
		};
/* End PBXContainerItemProxy section */

/* Begin PBXCopyFilesBuildPhase section */
		7D448064215340EE00A030F5 /* Embed Frameworks */ = {
			isa = PBXCopyFilesBuildPhase;
			buildActionMask = 2147483647;
			dstPath = "";
			dstSubfolderSpec = 10;
			files = (
				7D448063215340EE00A030F5 /* licode.framework in Embed Frameworks */,
				7D448070215342C100A030F5 /* Starscream.framework in Embed Frameworks */,
				7D44806E215342C100A030F5 /* SocketIO.framework in Embed Frameworks */,
				7D448072215342C100A030F5 /* WebRTC.framework in Embed Frameworks */,
			);
			name = "Embed Frameworks";
			runOnlyForDeploymentPostprocessing = 0;
		};
/* End PBXCopyFilesBuildPhase section */

/* Begin PBXFileReference section */
		7D44803F21533F1200A030F5 /* LicodeExample.app */ = {isa = PBXFileReference; explicitFileType = wrapper.application; includeInIndex = 0; path = LicodeExample.app; sourceTree = BUILT_PRODUCTS_DIR; };
		7D44804221533F1200A030F5 /* AppDelegate.swift */ = {isa = PBXFileReference; lastKnownFileType = sourcecode.swift; path = AppDelegate.swift; sourceTree = "<group>"; };
		7D44804421533F1200A030F5 /* ViewController.swift */ = {isa = PBXFileReference; lastKnownFileType = sourcecode.swift; path = ViewController.swift; sourceTree = "<group>"; };
		7D44804721533F1200A030F5 /* Base */ = {isa = PBXFileReference; lastKnownFileType = file.storyboard; name = Base; path = Base.lproj/Main.storyboard; sourceTree = "<group>"; };
		7D44804921533F1300A030F5 /* Assets.xcassets */ = {isa = PBXFileReference; lastKnownFileType = folder.assetcatalog; path = Assets.xcassets; sourceTree = "<group>"; };
		7D44804C21533F1300A030F5 /* Base */ = {isa = PBXFileReference; lastKnownFileType = file.storyboard; name = Base; path = Base.lproj/LaunchScreen.storyboard; sourceTree = "<group>"; };
		7D44804E21533F1300A030F5 /* Info.plist */ = {isa = PBXFileReference; lastKnownFileType = text.plist.xml; path = Info.plist; sourceTree = "<group>"; };
		7D448061215340EE00A030F5 /* licode.framework */ = {isa = PBXFileReference; explicitFileType = wrapper.framework; path = licode.framework; sourceTree = BUILT_PRODUCTS_DIR; };
		7D4480672153429F00A030F5 /* SocketIO.framework */ = {isa = PBXFileReference; lastKnownFileType = wrapper.framework; name = SocketIO.framework; path = ../Carthage/Build/iOS/SocketIO.framework; sourceTree = "<group>"; };
		7D4480682153429F00A030F5 /* Starscream.framework */ = {isa = PBXFileReference; lastKnownFileType = wrapper.framework; name = Starscream.framework; path = ../Carthage/Build/iOS/Starscream.framework; sourceTree = "<group>"; };
		7D4480692153429F00A030F5 /* WebRTC.framework */ = {isa = PBXFileReference; lastKnownFileType = wrapper.framework; name = WebRTC.framework; path = ../Carthage/Build/iOS/WebRTC.framework; sourceTree = "<group>"; };
		7D4480872153A38F00A030F5 /* LicodeExampleTests.xctest */ = {isa = PBXFileReference; explicitFileType = wrapper.cfbundle; includeInIndex = 0; path = LicodeExampleTests.xctest; sourceTree = BUILT_PRODUCTS_DIR; };
		7D4480892153A38F00A030F5 /* LicodeExampleTests.swift */ = {isa = PBXFileReference; lastKnownFileType = sourcecode.swift; path = LicodeExampleTests.swift; sourceTree = "<group>"; };
		7D44808B2153A38F00A030F5 /* Info.plist */ = {isa = PBXFileReference; lastKnownFileType = text.plist.xml; path = Info.plist; sourceTree = "<group>"; };
/* End PBXFileReference section */

/* Begin PBXFrameworksBuildPhase section */
		7D44803C21533F1200A030F5 /* Frameworks */ = {
			isa = PBXFrameworksBuildPhase;
			buildActionMask = 2147483647;
			files = (
				7D448062215340EE00A030F5 /* licode.framework in Frameworks */,
			);
			runOnlyForDeploymentPostprocessing = 0;
		};
		7D4480842153A38F00A030F5 /* Frameworks */ = {
			isa = PBXFrameworksBuildPhase;
			buildActionMask = 2147483647;
			files = (
			);
			runOnlyForDeploymentPostprocessing = 0;
		};
/* End PBXFrameworksBuildPhase section */

/* Begin PBXGroup section */
		7D44803621533F1100A030F5 = {
			isa = PBXGroup;
			children = (
				7D448061215340EE00A030F5 /* licode.framework */,
				7D44804121533F1200A030F5 /* Source */,
				7D4480882153A38F00A030F5 /* LicodeExampleTests */,
				7D44804021533F1200A030F5 /* Products */,
				7D4480662153429F00A030F5 /* Frameworks */,
			);
			sourceTree = "<group>";
		};
		7D44804021533F1200A030F5 /* Products */ = {
			isa = PBXGroup;
			children = (
				7D44803F21533F1200A030F5 /* LicodeExample.app */,
				7D4480872153A38F00A030F5 /* LicodeExampleTests.xctest */,
			);
			name = Products;
			sourceTree = "<group>";
		};
		7D44804121533F1200A030F5 /* Source */ = {
			isa = PBXGroup;
			children = (
				7D44804221533F1200A030F5 /* AppDelegate.swift */,
				7D44804421533F1200A030F5 /* ViewController.swift */,
				7D4480652153417F00A030F5 /* Supporting Files */,
			);
			path = Source;
			sourceTree = "<group>";
		};
		7D4480652153417F00A030F5 /* Supporting Files */ = {
			isa = PBXGroup;
			children = (
				7D44804621533F1200A030F5 /* Main.storyboard */,
				7D44804921533F1300A030F5 /* Assets.xcassets */,
				7D44804B21533F1300A030F5 /* LaunchScreen.storyboard */,
				7D44804E21533F1300A030F5 /* Info.plist */,
			);
			name = "Supporting Files";
			sourceTree = "<group>";
		};
		7D4480662153429F00A030F5 /* Frameworks */ = {
			isa = PBXGroup;
			children = (
				7D4480672153429F00A030F5 /* SocketIO.framework */,
				7D4480682153429F00A030F5 /* Starscream.framework */,
				7D4480692153429F00A030F5 /* WebRTC.framework */,
			);
			name = Frameworks;
			sourceTree = "<group>";
		};
		7D4480882153A38F00A030F5 /* LicodeExampleTests */ = {
			isa = PBXGroup;
			children = (
				7D4480892153A38F00A030F5 /* LicodeExampleTests.swift */,
				7D44808B2153A38F00A030F5 /* Info.plist */,
			);
			path = LicodeExampleTests;
			sourceTree = "<group>";
		};
/* End PBXGroup section */

/* Begin PBXNativeTarget section */
		7D44803E21533F1200A030F5 /* LicodeExample */ = {
			isa = PBXNativeTarget;
			buildConfigurationList = 7D44805121533F1300A030F5 /* Build configuration list for PBXNativeTarget "LicodeExample" */;
			buildPhases = (
				7D44803B21533F1200A030F5 /* Sources */,
				7D44803C21533F1200A030F5 /* Frameworks */,
				7D44803D21533F1200A030F5 /* Resources */,
				7D448064215340EE00A030F5 /* Embed Frameworks */,
			);
			buildRules = (
			);
			dependencies = (
			);
			name = LicodeExample;
			productName = LicodeExample;
			productReference = 7D44803F21533F1200A030F5 /* LicodeExample.app */;
			productType = "com.apple.product-type.application";
		};
		7D4480862153A38F00A030F5 /* LicodeExampleTests */ = {
			isa = PBXNativeTarget;
			buildConfigurationList = 7D44808E2153A38F00A030F5 /* Build configuration list for PBXNativeTarget "LicodeExampleTests" */;
			buildPhases = (
				7D4480832153A38F00A030F5 /* Sources */,
				7D4480842153A38F00A030F5 /* Frameworks */,
				7D4480852153A38F00A030F5 /* Resources */,
			);
			buildRules = (
			);
			dependencies = (
				7D44808D2153A38F00A030F5 /* PBXTargetDependency */,
			);
			name = LicodeExampleTests;
			productName = LicodeExampleTests;
			productReference = 7D4480872153A38F00A030F5 /* LicodeExampleTests.xctest */;
			productType = "com.apple.product-type.bundle.unit-test";
		};
/* End PBXNativeTarget section */

/* Begin PBXProject section */
		7D44803721533F1100A030F5 /* Project object */ = {
			isa = PBXProject;
			attributes = {
				LastSwiftUpdateCheck = 1000;
				LastUpgradeCheck = 1000;
				ORGANIZATIONNAME = ztimc;
				TargetAttributes = {
					7D44803E21533F1200A030F5 = {
						CreatedOnToolsVersion = 10.0;
					};
					7D4480862153A38F00A030F5 = {
						CreatedOnToolsVersion = 10.0;
						TestTargetID = 7D44803E21533F1200A030F5;
					};
				};
			};
			buildConfigurationList = 7D44803A21533F1100A030F5 /* Build configuration list for PBXProject "LicodeExample" */;
			compatibilityVersion = "Xcode 9.3";
			developmentRegion = en;
			hasScannedForEncodings = 0;
			knownRegions = (
				en,
				Base,
			);
			mainGroup = 7D44803621533F1100A030F5;
			productRefGroup = 7D44804021533F1200A030F5 /* Products */;
			projectDirPath = "";
			projectRoot = "";
			targets = (
				7D44803E21533F1200A030F5 /* LicodeExample */,
				7D4480862153A38F00A030F5 /* LicodeExampleTests */,
			);
		};
/* End PBXProject section */

/* Begin PBXResourcesBuildPhase section */
		7D44803D21533F1200A030F5 /* Resources */ = {
			isa = PBXResourcesBuildPhase;
			buildActionMask = 2147483647;
			files = (
				7D44804D21533F1300A030F5 /* LaunchScreen.storyboard in Resources */,
				7D44804A21533F1300A030F5 /* Assets.xcassets in Resources */,
				7D44804821533F1200A030F5 /* Main.storyboard in Resources */,
			);
			runOnlyForDeploymentPostprocessing = 0;
		};
		7D4480852153A38F00A030F5 /* Resources */ = {
			isa = PBXResourcesBuildPhase;
			buildActionMask = 2147483647;
			files = (
			);
			runOnlyForDeploymentPostprocessing = 0;
		};
/* End PBXResourcesBuildPhase section */

/* Begin PBXSourcesBuildPhase section */
		7D44803B21533F1200A030F5 /* Sources */ = {
			isa = PBXSourcesBuildPhase;
			buildActionMask = 2147483647;
			files = (
				7D44804521533F1200A030F5 /* ViewController.swift in Sources */,
				7D44804321533F1200A030F5 /* AppDelegate.swift in Sources */,
			);
			runOnlyForDeploymentPostprocessing = 0;
		};
		7D4480832153A38F00A030F5 /* Sources */ = {
			isa = PBXSourcesBuildPhase;
			buildActionMask = 2147483647;
			files = (
				7D44808A2153A38F00A030F5 /* LicodeExampleTests.swift in Sources */,
			);
			runOnlyForDeploymentPostprocessing = 0;
		};
/* End PBXSourcesBuildPhase section */

/* Begin PBXTargetDependency section */
		7D44808D2153A38F00A030F5 /* PBXTargetDependency */ = {
			isa = PBXTargetDependency;
			target = 7D44803E21533F1200A030F5 /* LicodeExample */;
			targetProxy = 7D44808C2153A38F00A030F5 /* PBXContainerItemProxy */;
		};
/* End PBXTargetDependency section */

/* Begin PBXVariantGroup section */
		7D44804621533F1200A030F5 /* Main.storyboard */ = {
			isa = PBXVariantGroup;
			children = (
				7D44804721533F1200A030F5 /* Base */,
			);
			name = Main.storyboard;
			sourceTree = "<group>";
		};
		7D44804B21533F1300A030F5 /* LaunchScreen.storyboard */ = {
			isa = PBXVariantGroup;
			children = (
				7D44804C21533F1300A030F5 /* Base */,
			);
			name = LaunchScreen.storyboard;
			sourceTree = "<group>";
		};
/* End PBXVariantGroup section */

/* Begin XCBuildConfiguration section */
		7D44804F21533F1300A030F5 /* Debug */ = {
			isa = XCBuildConfiguration;
			buildSettings = {
				ALWAYS_SEARCH_USER_PATHS = NO;
				CLANG_ANALYZER_NONNULL = YES;
				CLANG_ANALYZER_NUMBER_OBJECT_CONVERSION = YES_AGGRESSIVE;
				CLANG_CXX_LANGUAGE_STANDARD = "gnu++14";
				CLANG_CXX_LIBRARY = "libc++";
				CLANG_ENABLE_MODULES = YES;
				CLANG_ENABLE_OBJC_ARC = YES;
				CLANG_ENABLE_OBJC_WEAK = YES;
				CLANG_WARN_BLOCK_CAPTURE_AUTORELEASING = YES;
				CLANG_WARN_BOOL_CONVERSION = YES;
				CLANG_WARN_COMMA = YES;
				CLANG_WARN_CONSTANT_CONVERSION = YES;
				CLANG_WARN_DEPRECATED_OBJC_IMPLEMENTATIONS = YES;
				CLANG_WARN_DIRECT_OBJC_ISA_USAGE = YES_ERROR;
				CLANG_WARN_DOCUMENTATION_COMMENTS = YES;
				CLANG_WARN_EMPTY_BODY = YES;
				CLANG_WARN_ENUM_CONVERSION = YES;
				CLANG_WARN_INFINITE_RECURSION = YES;
				CLANG_WARN_INT_CONVERSION = YES;
				CLANG_WARN_NON_LITERAL_NULL_CONVERSION = YES;
				CLANG_WARN_OBJC_IMPLICIT_RETAIN_SELF = YES;
				CLANG_WARN_OBJC_LITERAL_CONVERSION = YES;
				CLANG_WARN_OBJC_ROOT_CLASS = YES_ERROR;
				CLANG_WARN_RANGE_LOOP_ANALYSIS = YES;
				CLANG_WARN_STRICT_PROTOTYPES = YES;
				CLANG_WARN_SUSPICIOUS_MOVE = YES;
				CLANG_WARN_UNGUARDED_AVAILABILITY = YES_AGGRESSIVE;
				CLANG_WARN_UNREACHABLE_CODE = YES;
				CLANG_WARN__DUPLICATE_METHOD_MATCH = YES;
				CODE_SIGN_IDENTITY = "iPhone Developer";
				COPY_PHASE_STRIP = NO;
				DEBUG_INFORMATION_FORMAT = dwarf;
				ENABLE_STRICT_OBJC_MSGSEND = YES;
				ENABLE_TESTABILITY = YES;
				GCC_C_LANGUAGE_STANDARD = gnu11;
				GCC_DYNAMIC_NO_PIC = NO;
				GCC_NO_COMMON_BLOCKS = YES;
				GCC_OPTIMIZATION_LEVEL = 0;
				GCC_PREPROCESSOR_DEFINITIONS = (
					"DEBUG=1",
					"$(inherited)",
				);
				GCC_WARN_64_TO_32_BIT_CONVERSION = YES;
				GCC_WARN_ABOUT_RETURN_TYPE = YES_ERROR;
				GCC_WARN_UNDECLARED_SELECTOR = YES;
				GCC_WARN_UNINITIALIZED_AUTOS = YES_AGGRESSIVE;
				GCC_WARN_UNUSED_FUNCTION = YES;
				GCC_WARN_UNUSED_VARIABLE = YES;
				IPHONEOS_DEPLOYMENT_TARGET = 12.0;
				MTL_ENABLE_DEBUG_INFO = INCLUDE_SOURCE;
				MTL_FAST_MATH = YES;
				ONLY_ACTIVE_ARCH = YES;
				SDKROOT = iphoneos;
				SWIFT_ACTIVE_COMPILATION_CONDITIONS = DEBUG;
				SWIFT_OPTIMIZATION_LEVEL = "-Onone";
			};
			name = Debug;
		};
		7D44805021533F1300A030F5 /* Release */ = {
			isa = XCBuildConfiguration;
			buildSettings = {
				ALWAYS_SEARCH_USER_PATHS = NO;
				CLANG_ANALYZER_NONNULL = YES;
				CLANG_ANALYZER_NUMBER_OBJECT_CONVERSION = YES_AGGRESSIVE;
				CLANG_CXX_LANGUAGE_STANDARD = "gnu++14";
				CLANG_CXX_LIBRARY = "libc++";
				CLANG_ENABLE_MODULES = YES;
				CLANG_ENABLE_OBJC_ARC = YES;
				CLANG_ENABLE_OBJC_WEAK = YES;
				CLANG_WARN_BLOCK_CAPTURE_AUTORELEASING = YES;
				CLANG_WARN_BOOL_CONVERSION = YES;
				CLANG_WARN_COMMA = YES;
				CLANG_WARN_CONSTANT_CONVERSION = YES;
				CLANG_WARN_DEPRECATED_OBJC_IMPLEMENTATIONS = YES;
				CLANG_WARN_DIRECT_OBJC_ISA_USAGE = YES_ERROR;
				CLANG_WARN_DOCUMENTATION_COMMENTS = YES;
				CLANG_WARN_EMPTY_BODY = YES;
				CLANG_WARN_ENUM_CONVERSION = YES;
				CLANG_WARN_INFINITE_RECURSION = YES;
				CLANG_WARN_INT_CONVERSION = YES;
				CLANG_WARN_NON_LITERAL_NULL_CONVERSION = YES;
				CLANG_WARN_OBJC_IMPLICIT_RETAIN_SELF = YES;
				CLANG_WARN_OBJC_LITERAL_CONVERSION = YES;
				CLANG_WARN_OBJC_ROOT_CLASS = YES_ERROR;
				CLANG_WARN_RANGE_LOOP_ANALYSIS = YES;
				CLANG_WARN_STRICT_PROTOTYPES = YES;
				CLANG_WARN_SUSPICIOUS_MOVE = YES;
				CLANG_WARN_UNGUARDED_AVAILABILITY = YES_AGGRESSIVE;
				CLANG_WARN_UNREACHABLE_CODE = YES;
				CLANG_WARN__DUPLICATE_METHOD_MATCH = YES;
				CODE_SIGN_IDENTITY = "iPhone Developer";
				COPY_PHASE_STRIP = NO;
				DEBUG_INFORMATION_FORMAT = "dwarf-with-dsym";
				ENABLE_NS_ASSERTIONS = NO;
				ENABLE_STRICT_OBJC_MSGSEND = YES;
				GCC_C_LANGUAGE_STANDARD = gnu11;
				GCC_NO_COMMON_BLOCKS = YES;
				GCC_WARN_64_TO_32_BIT_CONVERSION = YES;
				GCC_WARN_ABOUT_RETURN_TYPE = YES_ERROR;
				GCC_WARN_UNDECLARED_SELECTOR = YES;
				GCC_WARN_UNINITIALIZED_AUTOS = YES_AGGRESSIVE;
				GCC_WARN_UNUSED_FUNCTION = YES;
				GCC_WARN_UNUSED_VARIABLE = YES;
				IPHONEOS_DEPLOYMENT_TARGET = 12.0;
				MTL_ENABLE_DEBUG_INFO = NO;
				MTL_FAST_MATH = YES;
				SDKROOT = iphoneos;
				SWIFT_COMPILATION_MODE = wholemodule;
				SWIFT_OPTIMIZATION_LEVEL = "-O";
				VALIDATE_PRODUCT = YES;
			};
			name = Release;
		};
		7D44805221533F1300A030F5 /* Debug */ = {
			isa = XCBuildConfiguration;
			buildSettings = {
				ASSETCATALOG_COMPILER_APPICON_NAME = AppIcon;
				CODE_SIGN_STYLE = Automatic;
				DEVELOPMENT_TEAM = 39NFZ65S8H;
				ENABLE_BITCODE = NO;
				INFOPLIST_FILE = "$(SRCROOT)/Source/Info.plist";
				IPHONEOS_DEPLOYMENT_TARGET = 9.0;
				LD_RUNPATH_SEARCH_PATHS = (
					"$(inherited)",
					"@executable_path/Frameworks",
				);
				PRODUCT_BUNDLE_IDENTIFIER = com.ztimc.LicodeExample;
				PRODUCT_NAME = "$(TARGET_NAME)";
				SWIFT_VERSION = 4.2;
				TARGETED_DEVICE_FAMILY = 1;
			};
			name = Debug;
		};
		7D44805321533F1300A030F5 /* Release */ = {
			isa = XCBuildConfiguration;
			buildSettings = {
				ASSETCATALOG_COMPILER_APPICON_NAME = AppIcon;
				CODE_SIGN_STYLE = Automatic;
				DEVELOPMENT_TEAM = 39NFZ65S8H;
				ENABLE_BITCODE = NO;
				INFOPLIST_FILE = "$(SRCROOT)/Source/Info.plist";
				IPHONEOS_DEPLOYMENT_TARGET = 9.0;
				LD_RUNPATH_SEARCH_PATHS = (
					"$(inherited)",
					"@executable_path/Frameworks",
				);
				PRODUCT_BUNDLE_IDENTIFIER = com.ztimc.LicodeExample;
				PRODUCT_NAME = "$(TARGET_NAME)";
				SWIFT_VERSION = 4.2;
				TARGETED_DEVICE_FAMILY = 1;
			};
			name = Release;
		};
		7D44808F2153A38F00A030F5 /* Debug */ = {
			isa = XCBuildConfiguration;
			buildSettings = {
				BUNDLE_LOADER = "$(TEST_HOST)";
				CODE_SIGN_STYLE = Automatic;
				DEVELOPMENT_TEAM = 39NFZ65S8H;
				INFOPLIST_FILE = LicodeExampleTests/Info.plist;
				LD_RUNPATH_SEARCH_PATHS = (
					"$(inherited)",
					"@executable_path/Frameworks",
					"@loader_path/Frameworks",
				);
				PRODUCT_BUNDLE_IDENTIFIER = com.ztimc.LicodeExampleTests;
				PRODUCT_NAME = "$(TARGET_NAME)";
				SWIFT_VERSION = 4.2;
				TARGETED_DEVICE_FAMILY = "1,2";
				TEST_HOST = "$(BUILT_PRODUCTS_DIR)/LicodeExample.app/LicodeExample";
			};
			name = Debug;
		};
		7D4480902153A38F00A030F5 /* Release */ = {
			isa = XCBuildConfiguration;
			buildSettings = {
				BUNDLE_LOADER = "$(TEST_HOST)";
				CODE_SIGN_STYLE = Automatic;
				DEVELOPMENT_TEAM = 39NFZ65S8H;
				INFOPLIST_FILE = LicodeExampleTests/Info.plist;
				LD_RUNPATH_SEARCH_PATHS = (
					"$(inherited)",
					"@executable_path/Frameworks",
					"@loader_path/Frameworks",
				);
				PRODUCT_BUNDLE_IDENTIFIER = com.ztimc.LicodeExampleTests;
				PRODUCT_NAME = "$(TARGET_NAME)";
				SWIFT_VERSION = 4.2;
				TARGETED_DEVICE_FAMILY = "1,2";
				TEST_HOST = "$(BUILT_PRODUCTS_DIR)/LicodeExample.app/LicodeExample";
			};
			name = Release;
		};
/* End XCBuildConfiguration section */

/* Begin XCConfigurationList section */
		7D44803A21533F1100A030F5 /* Build configuration list for PBXProject "LicodeExample" */ = {
			isa = XCConfigurationList;
			buildConfigurations = (
				7D44804F21533F1300A030F5 /* Debug */,
				7D44805021533F1300A030F5 /* Release */,
			);
			defaultConfigurationIsVisible = 0;
			defaultConfigurationName = Release;
		};
		7D44805121533F1300A030F5 /* Build configuration list for PBXNativeTarget "LicodeExample" */ = {
			isa = XCConfigurationList;
			buildConfigurations = (
				7D44805221533F1300A030F5 /* Debug */,
				7D44805321533F1300A030F5 /* Release */,
			);
			defaultConfigurationIsVisible = 0;
			defaultConfigurationName = Release;
		};
		7D44808E2153A38F00A030F5 /* Build configuration list for PBXNativeTarget "LicodeExampleTests" */ = {
			isa = XCConfigurationList;
			buildConfigurations = (
				7D44808F2153A38F00A030F5 /* Debug */,
				7D4480902153A38F00A030F5 /* Release */,
			);
			defaultConfigurationIsVisible = 0;
			defaultConfigurationName = Release;
		};
/* End XCConfigurationList section */
	};
	rootObject = 7D44803721533F1100A030F5 /* Project object */;
}
